
Microsoft Visual Studio Solution File, Format Version 12.00
# Visual Studio Version 17
VisualStudioVersion = 17.0.31903.59
MinimumVisualStudioVersion = 10.0.40219.1
Project("{FAE04EC0-301F-11D3-BF4B-00C04F79EFBC}") = "Vanora.Entities", "Vanora.Entities\Vanora.Entities.csproj", "{3E348B6A-7023-402E-8F09-B2DBD9658364}"
EndProject
Project("{FAE04EC0-301F-11D3-BF4B-00C04F79EFBC}") = "Vanora.GeoApi", "Vanora.GeoApi\Vanora.GeoApi.csproj", "{F36A6676-E350-4B42-8C22-74A85F95C1E7}"
EndProject
Global
	GlobalSection(SolutionConfigurationPlatforms) = preSolution
		Debug|Any CPU = Debug|Any CPU
		Release|Any CPU = Release|Any CPU
	EndGlobalSection
	GlobalSection(SolutionProperties) = preSolution
		HideSolutionNode = FALSE
	EndGlobalSection
	GlobalSection(ProjectConfigurationPlatforms) = postSolution
		{3E348B6A-7023-402E-8F09-B2DBD9658364}.Debug|Any CPU.ActiveCfg = Debug|Any CPU
		{3E348B6A-7023-402E-8F09-B2DBD9658364}.Debug|Any CPU.Build.0 = Debug|Any CPU
		{3E348B6A-7023-402E-8F09-B2DBD9658364}.Release|Any CPU.ActiveCfg = Release|Any CPU
		{3E348B6A-7023-402E-8F09-B2DBD9658364}.Release|Any CPU.Build.0 = Release|Any CPU
		{F36A6676-E350-4B42-8C22-74A85F95C1E7}.Debug|Any CPU.ActiveCfg = Debug|Any CPU
		{F36A6676-E350-4B42-8C22-74A85F95C1E7}.Debug|Any CPU.Build.0 = Debug|Any CPU
		{F36A6676-E350-4B42-8C22-74A85F95C1E7}.Release|Any CPU.ActiveCfg = Release|Any CPU
		{F36A6676-E350-4B42-8C22-74A85F95C1E7}.Release|Any CPU.Build.0 = Release|Any CPU
	EndGlobalSection
EndGlobal
